# THIS IS AN AUTOGENERATED FILE. DO NOT EDIT THIS FILE DIRECTLY.
# yarn lockfile v1


csv-stringify@^5.6.2:
  version "5.6.2"
  resolved "https://registry.npmjs.org/csv-stringify/-/csv-stringify-5.6.2.tgz#e653783e2189c4c797fbb12abf7f4943c787caa9"
  integrity sha512-n3rIVbX6ylm1YsX2NEug9IaPV8xRnT+9/NNZbrA/bcHgOSSeqtWla6XnI/xmyu57wIw+ASCAoX1oM6EZtqJV0A==

prettier@^2.3.1:
  version "2.3.1"
  resolved "https://registry.npmjs.org/prettier/-/prettier-2.3.1.tgz#76903c3f8c4449bc9ac597acefa24dc5ad4cbea6"
  integrity sha512-p+vNbgpLjif/+D+DwAZAbndtRrR0md0MwfmOVN9N+2RgyACMT+7tfaRnT+WDPkqnuVwleyuBIG2XBxKDme3hPA==
